{
  "lockfile_version": "1",
  "packages": {
    "go@latest": {
      "last_modified": "2024-09-10T15:01:03Z",
      "resolved": "github:NixOS/nixpkgs/5ed627539ac84809c78b2dd6d26a5cebeb5ae269#go_1_23",
      "source": "devbox-search",
      "version": "1.23.1",
      "systems": {
        "aarch64-darwin": {
          "outputs": [
            {
              "name": "out",
              "path": "/nix/store/nvaay1c4banbccyvv6ba1gzyqpypjmfq-go-1.23.1",
              "default": true
            }
          ],
          "store_path": "/nix/store/nvaay1c4banbccyvv6ba1gzyqpypjmfq-go-1.23.1"
        },
        "aarch64-linux": {
          "outputs": [
            {
              "name": "out",
              "path": "/nix/store/9ylsay11jb3p6yarkmlz0fin76cdypwa-go-1.23.1",
              "default": true
            }
          ],
          "store_path": "/nix/store/9ylsay11jb3p6yarkmlz0fin76cdypwa-go-1.23.1"
        },
        "x86_64-darwin": {
          "outputs": [
            {
              "name": "out",
              "path": "/nix/store/zkg5xhyx2rs03dq0qp14nqlx9ff1y5c5-go-1.23.1",
              "default": true
            }
          ],
          "store_path": "/nix/store/zkg5xhyx2rs03dq0qp14nqlx9ff1y5c5-go-1.23.1"
        },
        "x86_64-linux": {
          "outputs": [
            {
              "name": "out",
              "path": "/nix/store/mi0ybwsm6pmxzv9hsm6bcbqaq1pkf8wh-go-1.23.1",
              "default": true
            }
          ],
          "store_path": "/nix/store/mi0ybwsm6pmxzv9hsm6bcbqaq1pkf8wh-go-1.23.1"
        }
      }
    },
    "hugo@latest": {
      "last_modified": "2024-09-20T22:35:44Z",
      "resolved": "github:NixOS/nixpkgs/a1d92660c6b3b7c26fb883500a80ea9d33321be2#hugo",
      "source": "devbox-search",
      "version": "0.134.3",
      "systems": {
        "aarch64-darwin": {
          "outputs": [
            {
              "name": "out",
              "path": "/nix/store/g0yidnivswmd3k4i4acl1fx8rn7i3653-hugo-0.134.3",
              "default": true
            }
          ],
          "store_path": "/nix/store/g0yidnivswmd3k4i4acl1fx8rn7i3653-hugo-0.134.3"
        },
        "aarch64-linux": {
          "outputs": [
            {
              "name": "out",
              "path": "/nix/store/0km83mmif8ihmhym4hkf27jl44rbnkil-hugo-0.134.3",
              "default": true
            }
          ],
          "store_path": "/nix/store/0km83mmif8ihmhym4hkf27jl44rbnkil-hugo-0.134.3"
        },
        "x86_64-darwin": {
          "outputs": [
            {
              "name": "out",
              "path": "/nix/store/icpq1vhbkzmwqgngpga77jf55prkzf2i-hugo-0.134.3",
              "default": true
            }
          ],
          "store_path": "/nix/store/icpq1vhbkzmwqgngpga77jf55prkzf2i-hugo-0.134.3"
        },
        "x86_64-linux": {
          "outputs": [
            {
              "name": "out",
              "path": "/nix/store/psm973ysgq0jqxy8dx97vfmlb6kmryg9-hugo-0.134.3",
              "default": true
            }
          ],
          "store_path": "/nix/store/psm973ysgq0jqxy8dx97vfmlb6kmryg9-hugo-0.134.3"
        }
      }
    },
    "nodejs_22@latest": {
      "last_modified": "2024-09-10T15:01:03Z",
      "plugin_version": "0.0.2",
      "resolved": "github:NixOS/nixpkgs/5ed627539ac84809c78b2dd6d26a5cebeb5ae269#nodejs_22",
      "source": "devbox-search",
      "version": "22.8.0",
      "systems": {
        "aarch64-darwin": {
          "outputs": [
            {
              "name": "out",
              "path": "/nix/store/4r8kqr24z88m1xjbb1qf19p1mi6q35lp-nodejs-22.8.0",
              "default": true
            },
            {
              "name": "libv8",
              "path": "/nix/store/rqpibvqcpjxx26ls9kmdq1fr5yckss9l-nodejs-22.8.0-libv8"
            }
          ],
          "store_path": "/nix/store/4r8kqr24z88m1xjbb1qf19p1mi6q35lp-nodejs-22.8.0"
        },
        "aarch64-linux": {
          "outputs": [
            {
              "name": "out",
              "path": "/nix/store/1wzl2brm8p6sb5b3wsdnn02m56cq36d4-nodejs-22.8.0",
              "default": true
            },
            {
              "name": "libv8",
              "path": "/nix/store/4dwa28gc3w0gr672pcf3j4lfncymdqjf-nodejs-22.8.0-libv8"
            }
          ],
          "store_path": "/nix/store/1wzl2brm8p6sb5b3wsdnn02m56cq36d4-nodejs-22.8.0"
        },
        "x86_64-darwin": {
          "outputs": [
            {
              "name": "out",
              "path": "/nix/store/mcdq9d48r8c2j29zgr7i80vnjzwh2lc3-nodejs-22.8.0",
              "default": true
            },
            {
              "name": "libv8",
              "path": "/nix/store/16kfmgbsspjg1kpdvf9np5v2h371dh40-nodejs-22.8.0-libv8"
            }
          ],
          "store_path": "/nix/store/mcdq9d48r8c2j29zgr7i80vnjzwh2lc3-nodejs-22.8.0"
        },
        "x86_64-linux": {
          "outputs": [
            {
              "name": "out",
              "path": "/nix/store/xsrv93rg8vi05k9ig6v9mcvcyn01n6n2-nodejs-22.8.0",
              "default": true
            },
            {
              "name": "libv8",
              "path": "/nix/store/gp8fkyafy0anm5pgdcq2x3qs2fm8syhl-nodejs-22.8.0-libv8"
            }
          ],
          "store_path": "/nix/store/xsrv93rg8vi05k9ig6v9mcvcyn01n6n2-nodejs-22.8.0"
        }
      }
    }
  }
}
